
Microsoft Visual Studio Solution File, Format Version 12.00
Project("{FAE04EC0-301F-11D3-BF4B-00C04F79EFBC}") = "csgol", "csgol\csgol.csproj", "{DE5D5B02-BC1A-403A-B439-E164B32FA01C}"
EndProject
Global
	GlobalSection(SolutionConfigurationPlatforms) = preSolution
		Debug|Any CPU = Debug|Any CPU
		Release|Any CPU = Release|Any CPU
	EndGlobalSection
	GlobalSection(ProjectConfigurationPlatforms) = postSolution
		{DE5D5B02-BC1A-403A-B439-E164B32FA01C}.Debug|Any CPU.ActiveCfg = Debug|Any CPU
		{DE5D5B02-BC1A-403A-B439-E164B32FA01C}.Debug|Any CPU.Build.0 = Debug|Any CPU
		{DE5D5B02-BC1A-403A-B439-E164B32FA01C}.Release|Any CPU.ActiveCfg = Release|Any CPU
		{DE5D5B02-BC1A-403A-B439-E164B32FA01C}.Release|Any CPU.Build.0 = Release|Any CPU
	EndGlobalSection
EndGlobal
